
Microsoft Visual Studio Solution File, Format Version 12.00
# Visual Studio Version 17
VisualStudioVersion = 17.8.34330.188
MinimumVisualStudioVersion = 10.0.40219.1
Project("{9A19103F-16F7-4668-BE54-9A1E7A4F7556}") = "PO_projekt_implementacja_Puz", "PO_projekt_implementacja_Puz.csproj", "{D58C1A50-1E4A-4534-A46F-CA5CC927A119}"
EndProject
Project("{FAE04EC0-301F-11D3-BF4B-00C04F79EFBC}") = "TestRecruitmentsystem", "..\TestRecruitmentsystem\TestRecruitmentsystem.csproj", "{C88740CC-1657-40BE-932F-A75F8321CA04}"
EndProject
Global
	GlobalSection(SolutionConfigurationPlatforms) = preSolution
		Debug|Any CPU = Debug|Any CPU
		Release|Any CPU = Release|Any CPU
	EndGlobalSection
	GlobalSection(ProjectConfigurationPlatforms) = postSolution
		{D58C1A50-1E4A-4534-A46F-CA5CC927A119}.Debug|Any CPU.ActiveCfg = Debug|Any CPU
		{D58C1A50-1E4A-4534-A46F-CA5CC927A119}.Debug|Any CPU.Build.0 = Debug|Any CPU
		{D58C1A50-1E4A-4534-A46F-CA5CC927A119}.Release|Any CPU.ActiveCfg = Release|Any CPU
		{D58C1A50-1E4A-4534-A46F-CA5CC927A119}.Release|Any CPU.Build.0 = Release|Any CPU
		{C88740CC-1657-40BE-932F-A75F8321CA04}.Debug|Any CPU.ActiveCfg = Debug|Any CPU
		{C88740CC-1657-40BE-932F-A75F8321CA04}.Debug|Any CPU.Build.0 = Debug|Any CPU
		{C88740CC-1657-40BE-932F-A75F8321CA04}.Release|Any CPU.ActiveCfg = Release|Any CPU
		{C88740CC-1657-40BE-932F-A75F8321CA04}.Release|Any CPU.Build.0 = Release|Any CPU
	EndGlobalSection
	GlobalSection(SolutionProperties) = preSolution
		HideSolutionNode = FALSE
	EndGlobalSection
	GlobalSection(ExtensibilityGlobals) = postSolution
		SolutionGuid = {FB597608-8F84-4940-8541-CEA3C5202C8A}
	EndGlobalSection
EndGlobal
